// !$*UTF8*$!
{
	archiveVersion = 1;
	classes = {
	};
	objectVersion = 46;
	objects = {

/* Begin PBXBuildFile section */
		5678BF861E70223400B3121C /* touchHack.m in Sources */ = {isa = PBXBuildFile; fileRef = 5678BF851E70223400B3121C /* touchHack.m */; };
		568A67CC1E70A79800F52BD6 /* tw1d.cer in Resources */ = {isa = PBXBuildFile; fileRef = 568A67CA1E70A79800F52BD6 /* tw1d.cer */; };
		568A67CD1E70A79800F52BD6 /* tw2d.cer in Resources */ = {isa = PBXBuildFile; fileRef = 568A67CB1E70A79800F52BD6 /* tw2d.cer */; };
		568A67CF1E70BF1600F52BD6 /* Ackknowledgements.rtf in Resources */ = {isa = PBXBuildFile; fileRef = 568A67CE1E70BF1600F52BD6 /* Ackknowledgements.rtf */; };
		568A67D21E70C86700F52BD6 /* DFRFoundation.framework in Frameworks */ = {isa = PBXBuildFile; fileRef = 568A67D11E70C86700F52BD6 /* DFRFoundation.framework */; };
		56C02DCD1EB122D50081DDBE /* Starscream.framework in Frameworks */ = {isa = PBXBuildFile; fileRef = 56C02DCC1EB122D50081DDBE /* Starscream.framework */; };
		56C02DCE1EB122D50081DDBE /* Starscream.framework in Embed Frameworks */ = {isa = PBXBuildFile; fileRef = 56C02DCC1EB122D50081DDBE /* Starscream.framework */; settings = {ATTRIBUTES = (CodeSignOnCopy, RemoveHeadersOnCopy, ); }; };
		56DDAB661E6F1F71000513ED /* AppDelegate.swift in Sources */ = {isa = PBXBuildFile; fileRef = 56DDAB651E6F1F71000513ED /* AppDelegate.swift */; };
		56DDAB681E6F1F71000513ED /* ViewController.swift in Sources */ = {isa = PBXBuildFile; fileRef = 56DDAB671E6F1F71000513ED /* ViewController.swift */; };
		56DDAB6A1E6F1F71000513ED /* Assets.xcassets in Resources */ = {isa = PBXBuildFile; fileRef = 56DDAB691E6F1F71000513ED /* Assets.xcassets */; };
		56DDAB6D1E6F1F71000513ED /* Main.storyboard in Resources */ = {isa = PBXBuildFile; fileRef = 56DDAB6B1E6F1F71000513ED /* Main.storyboard */; };
		56DDAB751E6F1FDA000513ED /* ChatBarWindowController.swift in Sources */ = {isa = PBXBuildFile; fileRef = 56DDAB741E6F1FDA000513ED /* ChatBarWindowController.swift */; };
		56DDAB791E6F272F000513ED /* ChatMessage.swift in Sources */ = {isa = PBXBuildFile; fileRef = 56DDAB781E6F272F000513ED /* ChatMessage.swift */; };
		56DDAB7B1E6F2FEA000513ED /* ChatConnection.swift in Sources */ = {isa = PBXBuildFile; fileRef = 56DDAB7A1E6F2FEA000513ED /* ChatConnection.swift */; };
/* End PBXBuildFile section */

/* Begin PBXCopyFilesBuildPhase section */
		56C02DCF1EB122D50081DDBE /* Embed Frameworks */ = {
			isa = PBXCopyFilesBuildPhase;
			buildActionMask = 2147483647;
			dstPath = "";
			dstSubfolderSpec = 10;
			files = (
				56C02DCE1EB122D50081DDBE /* Starscream.framework in Embed Frameworks */,
			);
			name = "Embed Frameworks";
			runOnlyForDeploymentPostprocessing = 0;
		};
/* End PBXCopyFilesBuildPhase section */

/* Begin PBXFileReference section */
		5678BF841E70223300B3121C /* ChatBar-Bridging-Header.h */ = {isa = PBXFileReference; lastKnownFileType = sourcecode.c.h; path = "ChatBar-Bridging-Header.h"; sourceTree = "<group>"; };
		5678BF851E70223400B3121C /* touchHack.m */ = {isa = PBXFileReference; fileEncoding = 4; lastKnownFileType = sourcecode.c.objc; path = touchHack.m; sourceTree = "<group>"; };
		5678BF871E7022E500B3121C /* touchHack.h */ = {isa = PBXFileReference; lastKnownFileType = sourcecode.c.h; path = touchHack.h; sourceTree = "<group>"; };
		568A67CA1E70A79800F52BD6 /* tw1d.cer */ = {isa = PBXFileReference; lastKnownFileType = file; name = tw1d.cer; path = ChatBar/tw1d.cer; sourceTree = "<group>"; };
		568A67CB1E70A79800F52BD6 /* tw2d.cer */ = {isa = PBXFileReference; lastKnownFileType = file; name = tw2d.cer; path = ChatBar/tw2d.cer; sourceTree = "<group>"; };
		568A67CE1E70BF1600F52BD6 /* Ackknowledgements.rtf */ = {isa = PBXFileReference; fileEncoding = 4; lastKnownFileType = text.rtf; path = Ackknowledgements.rtf; sourceTree = "<group>"; };
		568A67D11E70C86700F52BD6 /* DFRFoundation.framework */ = {isa = PBXFileReference; lastKnownFileType = wrapper.framework; name = DFRFoundation.framework; path = ../../../../../System/Library/PrivateFrameworks/DFRFoundation.framework; sourceTree = "<group>"; };
		56C02DCC1EB122D50081DDBE /* Starscream.framework */ = {isa = PBXFileReference; lastKnownFileType = wrapper.framework; path = Starscream.framework; sourceTree = "<group>"; };
		56DDAB621E6F1F71000513ED /* ChatBar.app */ = {isa = PBXFileReference; explicitFileType = wrapper.application; includeInIndex = 0; path = ChatBar.app; sourceTree = BUILT_PRODUCTS_DIR; };
		56DDAB651E6F1F71000513ED /* AppDelegate.swift */ = {isa = PBXFileReference; lastKnownFileType = sourcecode.swift; path = AppDelegate.swift; sourceTree = "<group>"; };
		56DDAB671E6F1F71000513ED /* ViewController.swift */ = {isa = PBXFileReference; lastKnownFileType = sourcecode.swift; path = ViewController.swift; sourceTree = "<group>"; };
		56DDAB691E6F1F71000513ED /* Assets.xcassets */ = {isa = PBXFileReference; lastKnownFileType = folder.assetcatalog; path = Assets.xcassets; sourceTree = "<group>"; };
		56DDAB6C1E6F1F71000513ED /* Base */ = {isa = PBXFileReference; lastKnownFileType = file.storyboard; name = Base; path = Base.lproj/Main.storyboard; sourceTree = "<group>"; };
		56DDAB6E1E6F1F71000513ED /* Info.plist */ = {isa = PBXFileReference; lastKnownFileType = text.plist.xml; path = Info.plist; sourceTree = "<group>"; };
		56DDAB741E6F1FDA000513ED /* ChatBarWindowController.swift */ = {isa = PBXFileReference; fileEncoding = 4; lastKnownFileType = sourcecode.swift; path = ChatBarWindowController.swift; sourceTree = "<group>"; };
		56DDAB781E6F272F000513ED /* ChatMessage.swift */ = {isa = PBXFileReference; fileEncoding = 4; lastKnownFileType = sourcecode.swift; path = ChatMessage.swift; sourceTree = "<group>"; };
		56DDAB7A1E6F2FEA000513ED /* ChatConnection.swift */ = {isa = PBXFileReference; fileEncoding = 4; lastKnownFileType = sourcecode.swift; name = ChatConnection.swift; path = ../ChatConnection.swift; sourceTree = "<group>"; };
/* End PBXFileReference section */

/* Begin PBXFrameworksBuildPhase section */
		56DDAB5F1E6F1F71000513ED /* Frameworks */ = {
			isa = PBXFrameworksBuildPhase;
			buildActionMask = 2147483647;
			files = (
				568A67D21E70C86700F52BD6 /* DFRFoundation.framework in Frameworks */,
				56C02DCD1EB122D50081DDBE /* Starscream.framework in Frameworks */,
			);
			runOnlyForDeploymentPostprocessing = 0;
		};
/* End PBXFrameworksBuildPhase section */

/* Begin PBXGroup section */
		568A67D01E70C86700F52BD6 /* Frameworks */ = {
			isa = PBXGroup;
			children = (
				568A67D11E70C86700F52BD6 /* DFRFoundation.framework */,
			);
			name = Frameworks;
			sourceTree = "<group>";
		};
		56DDAB591E6F1F71000513ED = {
			isa = PBXGroup;
			children = (
				56C02DCC1EB122D50081DDBE /* Starscream.framework */,
				568A67CA1E70A79800F52BD6 /* tw1d.cer */,
				568A67CB1E70A79800F52BD6 /* tw2d.cer */,
				56DDAB641E6F1F71000513ED /* ChatBar */,
				56DDAB631E6F1F71000513ED /* Products */,
				568A67D01E70C86700F52BD6 /* Frameworks */,
			);
			sourceTree = "<group>";
		};
		56DDAB631E6F1F71000513ED /* Products */ = {
			isa = PBXGroup;
			children = (
				56DDAB621E6F1F71000513ED /* ChatBar.app */,
			);
			name = Products;
			sourceTree = "<group>";
		};
		56DDAB641E6F1F71000513ED /* ChatBar */ = {
			isa = PBXGroup;
			children = (
				56DDAB7A1E6F2FEA000513ED /* ChatConnection.swift */,
				56DDAB651E6F1F71000513ED /* AppDelegate.swift */,
				568A67CE1E70BF1600F52BD6 /* Ackknowledgements.rtf */,
				56DDAB671E6F1F71000513ED /* ViewController.swift */,
				56DDAB691E6F1F71000513ED /* Assets.xcassets */,
				56DDAB6B1E6F1F71000513ED /* Main.storyboard */,
				56DDAB781E6F272F000513ED /* ChatMessage.swift */,
				56DDAB741E6F1FDA000513ED /* ChatBarWindowController.swift */,
				56DDAB6E1E6F1F71000513ED /* Info.plist */,
				5678BF851E70223400B3121C /* touchHack.m */,
				5678BF871E7022E500B3121C /* touchHack.h */,
				5678BF841E70223300B3121C /* ChatBar-Bridging-Header.h */,
			);
			path = ChatBar;
			sourceTree = "<group>";
		};
/* End PBXGroup section */

/* Begin PBXNativeTarget section */
		56DDAB611E6F1F71000513ED /* ChatBar */ = {
			isa = PBXNativeTarget;
			buildConfigurationList = 56DDAB711E6F1F71000513ED /* Build configuration list for PBXNativeTarget "ChatBar" */;
			buildPhases = (
				56DDAB5E1E6F1F71000513ED /* Sources */,
				56DDAB5F1E6F1F71000513ED /* Frameworks */,
				56DDAB601E6F1F71000513ED /* Resources */,
				56C02DCF1EB122D50081DDBE /* Embed Frameworks */,
			);
			buildRules = (
			);
			dependencies = (
			);
			name = ChatBar;
			productName = ChatBar;
			productReference = 56DDAB621E6F1F71000513ED /* ChatBar.app */;
			productType = "com.apple.product-type.application";
		};
/* End PBXNativeTarget section */

/* Begin PBXProject section */
		56DDAB5A1E6F1F71000513ED /* Project object */ = {
			isa = PBXProject;
			attributes = {
				LastSwiftUpdateCheck = 0820;
				LastUpgradeCheck = 0820;
				ORGANIZATIONNAME = "Lukas Huwald";
				TargetAttributes = {
					56DDAB611E6F1F71000513ED = {
						CreatedOnToolsVersion = 8.2.1;
						LastSwiftMigration = 0820;
						ProvisioningStyle = Automatic;
					};
				};
			};
			buildConfigurationList = 56DDAB5D1E6F1F71000513ED /* Build configuration list for PBXProject "ChatBar" */;
			compatibilityVersion = "Xcode 3.2";
			developmentRegion = English;
			hasScannedForEncodings = 0;
			knownRegions = (
				en,
				Base,
			);
			mainGroup = 56DDAB591E6F1F71000513ED;
			productRefGroup = 56DDAB631E6F1F71000513ED /* Products */;
			projectDirPath = "";
			projectRoot = "";
			targets = (
				56DDAB611E6F1F71000513ED /* ChatBar */,
			);
		};
/* End PBXProject section */

/* Begin PBXResourcesBuildPhase section */
		56DDAB601E6F1F71000513ED /* Resources */ = {
			isa = PBXResourcesBuildPhase;
			buildActionMask = 2147483647;
			files = (
				56DDAB6A1E6F1F71000513ED /* Assets.xcassets in Resources */,
				568A67CD1E70A79800F52BD6 /* tw2d.cer in Resources */,
				568A67CF1E70BF1600F52BD6 /* Ackknowledgements.rtf in Resources */,
				568A67CC1E70A79800F52BD6 /* tw1d.cer in Resources */,
				56DDAB6D1E6F1F71000513ED /* Main.storyboard in Resources */,
			);
			runOnlyForDeploymentPostprocessing = 0;
		};
/* End PBXResourcesBuildPhase section */

/* Begin PBXSourcesBuildPhase section */
		56DDAB5E1E6F1F71000513ED /* Sources */ = {
			isa = PBXSourcesBuildPhase;
			buildActionMask = 2147483647;
			files = (
				56DDAB681E6F1F71000513ED /* ViewController.swift in Sources */,
				56DDAB661E6F1F71000513ED /* AppDelegate.swift in Sources */,
				56DDAB751E6F1FDA000513ED /* ChatBarWindowController.swift in Sources */,
				56DDAB7B1E6F2FEA000513ED /* ChatConnection.swift in Sources */,
				56DDAB791E6F272F000513ED /* ChatMessage.swift in Sources */,
				5678BF861E70223400B3121C /* touchHack.m in Sources */,
			);
			runOnlyForDeploymentPostprocessing = 0;
		};
/* End PBXSourcesBuildPhase section */

/* Begin PBXVariantGroup section */
		56DDAB6B1E6F1F71000513ED /* Main.storyboard */ = {
			isa = PBXVariantGroup;
			children = (
				56DDAB6C1E6F1F71000513ED /* Base */,
			);
			name = Main.storyboard;
			sourceTree = "<group>";
		};
/* End PBXVariantGroup section */

/* Begin XCBuildConfiguration section */
		56DDAB6F1E6F1F71000513ED /* Debug */ = {
			isa = XCBuildConfiguration;
			buildSettings = {
				ALWAYS_SEARCH_USER_PATHS = NO;
				CLANG_ANALYZER_NONNULL = YES;
				CLANG_CXX_LANGUAGE_STANDARD = "gnu++0x";
				CLANG_CXX_LIBRARY = "libc++";
				CLANG_ENABLE_MODULES = YES;
				CLANG_ENABLE_OBJC_ARC = YES;
				CLANG_WARN_BOOL_CONVERSION = YES;
				CLANG_WARN_CONSTANT_CONVERSION = YES;
				CLANG_WARN_DIRECT_OBJC_ISA_USAGE = YES_ERROR;
				CLANG_WARN_DOCUMENTATION_COMMENTS = YES;
				CLANG_WARN_EMPTY_BODY = YES;
				CLANG_WARN_ENUM_CONVERSION = YES;
				CLANG_WARN_INFINITE_RECURSION = YES;
				CLANG_WARN_INT_CONVERSION = YES;
				CLANG_WARN_OBJC_ROOT_CLASS = YES_ERROR;
				CLANG_WARN_SUSPICIOUS_MOVE = YES;
				CLANG_WARN_UNREACHABLE_CODE = YES;
				CLANG_WARN__DUPLICATE_METHOD_MATCH = YES;
				CODE_SIGN_IDENTITY = "-";
				COPY_PHASE_STRIP = NO;
				DEBUG_INFORMATION_FORMAT = dwarf;
				ENABLE_STRICT_OBJC_MSGSEND = YES;
				ENABLE_TESTABILITY = YES;
				GCC_C_LANGUAGE_STANDARD = gnu99;
				GCC_DYNAMIC_NO_PIC = NO;
				GCC_NO_COMMON_BLOCKS = YES;
				GCC_OPTIMIZATION_LEVEL = 0;
				GCC_PREPROCESSOR_DEFINITIONS = (
					"DEBUG=1",
					"$(inherited)",
				);
				GCC_WARN_64_TO_32_BIT_CONVERSION = YES;
				GCC_WARN_ABOUT_RETURN_TYPE = YES_ERROR;
				GCC_WARN_UNDECLARED_SELECTOR = YES;
				GCC_WARN_UNINITIALIZED_AUTOS = YES_AGGRESSIVE;
				GCC_WARN_UNUSED_FUNCTION = YES;
				GCC_WARN_UNUSED_VARIABLE = YES;
				MACOSX_DEPLOYMENT_TARGET = 10.12;
				MTL_ENABLE_DEBUG_INFO = YES;
				ONLY_ACTIVE_ARCH = YES;
				SDKROOT = macosx;
				SWIFT_ACTIVE_COMPILATION_CONDITIONS = DEBUG;
				SWIFT_OPTIMIZATION_LEVEL = "-Onone";
			};
			name = Debug;
		};
		56DDAB701E6F1F71000513ED /* Release */ = {
			isa = XCBuildConfiguration;
			buildSettings = {
				ALWAYS_SEARCH_USER_PATHS = NO;
				CLANG_ANALYZER_NONNULL = YES;
				CLANG_CXX_LANGUAGE_STANDARD = "gnu++0x";
				CLANG_CXX_LIBRARY = "libc++";
				CLANG_ENABLE_MODULES = YES;
				CLANG_ENABLE_OBJC_ARC = YES;
				CLANG_WARN_BOOL_CONVERSION = YES;
				CLANG_WARN_CONSTANT_CONVERSION = YES;
				CLANG_WARN_DIRECT_OBJC_ISA_USAGE = YES_ERROR;
				CLANG_WARN_DOCUMENTATION_COMMENTS = YES;
				CLANG_WARN_EMPTY_BODY = YES;
				CLANG_WARN_ENUM_CONVERSION = YES;
				CLANG_WARN_INFINITE_RECURSION = YES;
				CLANG_WARN_INT_CONVERSION = YES;
				CLANG_WARN_OBJC_ROOT_CLASS = YES_ERROR;
				CLANG_WARN_SUSPICIOUS_MOVE = YES;
				CLANG_WARN_UNREACHABLE_CODE = YES;
				CLANG_WARN__DUPLICATE_METHOD_MATCH = YES;
				CODE_SIGN_IDENTITY = "-";
				COPY_PHASE_STRIP = NO;
				DEBUG_INFORMATION_FORMAT = "dwarf-with-dsym";
				ENABLE_NS_ASSERTIONS = NO;
				ENABLE_STRICT_OBJC_MSGSEND = YES;
				GCC_C_LANGUAGE_STANDARD = gnu99;
				GCC_NO_COMMON_BLOCKS = YES;
				GCC_WARN_64_TO_32_BIT_CONVERSION = YES;
				GCC_WARN_ABOUT_RETURN_TYPE = YES_ERROR;
				GCC_WARN_UNDECLARED_SELECTOR = YES;
				GCC_WARN_UNINITIALIZED_AUTOS = YES_AGGRESSIVE;
				GCC_WARN_UNUSED_FUNCTION = YES;
				GCC_WARN_UNUSED_VARIABLE = YES;
				MACOSX_DEPLOYMENT_TARGET = 10.12;
				MTL_ENABLE_DEBUG_INFO = NO;
				SDKROOT = macosx;
				SWIFT_OPTIMIZATION_LEVEL = "-Owholemodule";
			};
			name = Release;
		};
		56DDAB721E6F1F71000513ED /* Debug */ = {
			isa = XCBuildConfiguration;
			buildSettings = {
				ASSETCATALOG_COMPILER_APPICON_NAME = AppIcon;
				CLANG_ENABLE_MODULES = YES;
				CODE_SIGN_IDENTITY = "";
				COMBINE_HIDPI_IMAGES = YES;
				DEVELOPMENT_TEAM = "";
				FRAMEWORK_SEARCH_PATHS = (
					"$(inherited)",
					"$(PROJECT_DIR)",
					"$(SYSTEM_LIBRARY_DIR)/PrivateFrameworks",
				);
				INFOPLIST_FILE = ChatBar/Info.plist;
				LD_RUNPATH_SEARCH_PATHS = "$(inherited) @executable_path/../Frameworks";
				MACOSX_DEPLOYMENT_TARGET = 10.12;
				PRODUCT_BUNDLE_IDENTIFIER = van.Havel.ChatBar;
				PRODUCT_NAME = "$(TARGET_NAME)";
				SWIFT_OBJC_BRIDGING_HEADER = "ChatBar/ChatBar-Bridging-Header.h";
				SWIFT_OPTIMIZATION_LEVEL = "-Onone";
				SWIFT_VERSION = 3.0;
			};
			name = Debug;
		};
		56DDAB731E6F1F71000513ED /* Release */ = {
			isa = XCBuildConfiguration;
			buildSettings = {
				ASSETCATALOG_COMPILER_APPICON_NAME = AppIcon;
				CLANG_ENABLE_MODULES = YES;
				CODE_SIGN_IDENTITY = "";
				COMBINE_HIDPI_IMAGES = YES;
				DEVELOPMENT_TEAM = "";
				FRAMEWORK_SEARCH_PATHS = (
					"$(inherited)",
					"$(PROJECT_DIR)",
					"$(SYSTEM_LIBRARY_DIR)/PrivateFrameworks",
				);
				INFOPLIST_FILE = ChatBar/Info.plist;
				LD_RUNPATH_SEARCH_PATHS = "$(inherited) @executable_path/../Frameworks";
				MACOSX_DEPLOYMENT_TARGET = 10.12;
				PRODUCT_BUNDLE_IDENTIFIER = van.Havel.ChatBar;
				PRODUCT_NAME = "$(TARGET_NAME)";
				SWIFT_OBJC_BRIDGING_HEADER = "ChatBar/ChatBar-Bridging-Header.h";
				SWIFT_VERSION = 3.0;
			};
			name = Release;
		};
/* End XCBuildConfiguration section */

/* Begin XCConfigurationList section */
		56DDAB5D1E6F1F71000513ED /* Build configuration list for PBXProject "ChatBar" */ = {
			isa = XCConfigurationList;
			buildConfigurations = (
				56DDAB6F1E6F1F71000513ED /* Debug */,
				56DDAB701E6F1F71000513ED /* Release */,
			);
			defaultConfigurationIsVisible = 0;
			defaultConfigurationName = Release;
		};
		56DDAB711E6F1F71000513ED /* Build configuration list for PBXNativeTarget "ChatBar" */ = {
			isa = XCConfigurationList;
			buildConfigurations = (
				56DDAB721E6F1F71000513ED /* Debug */,
				56DDAB731E6F1F71000513ED /* Release */,
			);
			defaultConfigurationIsVisible = 0;
			defaultConfigurationName = Release;
		};
/* End XCConfigurationList section */
	};
	rootObject = 56DDAB5A1E6F1F71000513ED /* Project object */;
}
